
Microsoft Visual Studio Solution File, Format Version 12.00
# Visual Studio 14
VisualStudioVersion = 14.0.25420.1
MinimumVisualStudioVersion = 10.0.40219.1
Project("{A07B5EB6-E848-4116-A8D0-A826331D98C6}") = "WebCalculatorApplication", "WebCalculatorApplication\WebCalculatorApplication.sfproj", "{ADCD41AC-75F3-44CB-B659-1551F249BB66}"
EndProject
Project("{FAE04EC0-301F-11D3-BF4B-00C04F79EFBC}") = "WebCalculatorService", "WebCalculatorService\WebCalculatorService.csproj", "{D66153CB-C97F-403B-913B-ADB9DCA0A99A}"
EndProject
Global
	GlobalSection(SolutionConfigurationPlatforms) = preSolution
		Debug|x64 = Debug|x64
		Release|x64 = Release|x64
	EndGlobalSection
	GlobalSection(ProjectConfigurationPlatforms) = postSolution
		{ADCD41AC-75F3-44CB-B659-1551F249BB66}.Debug|x64.ActiveCfg = Debug|x64
		{ADCD41AC-75F3-44CB-B659-1551F249BB66}.Debug|x64.Build.0 = Debug|x64
		{ADCD41AC-75F3-44CB-B659-1551F249BB66}.Debug|x64.Deploy.0 = Debug|x64
		{ADCD41AC-75F3-44CB-B659-1551F249BB66}.Release|x64.ActiveCfg = Release|x64
		{ADCD41AC-75F3-44CB-B659-1551F249BB66}.Release|x64.Build.0 = Release|x64
		{ADCD41AC-75F3-44CB-B659-1551F249BB66}.Release|x64.Deploy.0 = Release|x64
		{D66153CB-C97F-403B-913B-ADB9DCA0A99A}.Debug|x64.ActiveCfg = Debug|x64
		{D66153CB-C97F-403B-913B-ADB9DCA0A99A}.Debug|x64.Build.0 = Debug|x64
		{D66153CB-C97F-403B-913B-ADB9DCA0A99A}.Release|x64.ActiveCfg = Release|x64
		{D66153CB-C97F-403B-913B-ADB9DCA0A99A}.Release|x64.Build.0 = Release|x64
	EndGlobalSection
	GlobalSection(SolutionProperties) = preSolution
		HideSolutionNode = FALSE
	EndGlobalSection
EndGlobal
